// !$*UTF8*$!
{
	archiveVersion = 1;
	classes = {
	};
	objectVersion = 46;
	objects = {

/* Begin PBXBuildFile section */
		2C0DE429301B74EB981BC42B /* Pods_CodingWithoutStoryboardTests.framework in Frameworks */ = {isa = PBXBuildFile; fileRef = CEDD88739FFC7FD2604C4DF4 /* Pods_CodingWithoutStoryboardTests.framework */; };
		92D9CAD91F76EEE400995092 /* AppDelegate.swift in Sources */ = {isa = PBXBuildFile; fileRef = 92D9CAD81F76EEE400995092 /* AppDelegate.swift */; };
		92D9CAE01F76EEE400995092 /* Assets.xcassets in Resources */ = {isa = PBXBuildFile; fileRef = 92D9CADF1F76EEE400995092 /* Assets.xcassets */; };
		92D9CAE31F76EEE400995092 /* LaunchScreen.storyboard in Resources */ = {isa = PBXBuildFile; fileRef = 92D9CAE11F76EEE400995092 /* LaunchScreen.storyboard */; };
		92D9CAEE1F76EEE500995092 /* CodingWithoutStoryboardTests.swift in Sources */ = {isa = PBXBuildFile; fileRef = 92D9CAED1F76EEE500995092 /* CodingWithoutStoryboardTests.swift */; };
		92D9CAF91F76EEE500995092 /* CodingWithoutStoryboardUITests.swift in Sources */ = {isa = PBXBuildFile; fileRef = 92D9CAF81F76EEE500995092 /* CodingWithoutStoryboardUITests.swift */; };
		92D9CB071F76F01F00995092 /* HomeController.swift in Sources */ = {isa = PBXBuildFile; fileRef = 92D9CB061F76F01F00995092 /* HomeController.swift */; };
		92D9CB091F7896DD00995092 /* HomeDataSourceController.swift in Sources */ = {isa = PBXBuildFile; fileRef = 92D9CB081F7896DD00995092 /* HomeDataSourceController.swift */; };
		A244C96A29660577C7838229 /* Pods_CodingWithoutStoryboardUITests.framework in Frameworks */ = {isa = PBXBuildFile; fileRef = 3C57E03B5ECAA672500B5642 /* Pods_CodingWithoutStoryboardUITests.framework */; };
		ED92E03EA647971A2A87F0D4 /* Pods_CodingWithoutStoryboard.framework in Frameworks */ = {isa = PBXBuildFile; fileRef = D9DEDFC5D2C3E84524D954B2 /* Pods_CodingWithoutStoryboard.framework */; };
/* End PBXBuildFile section */

/* Begin PBXContainerItemProxy section */
		92D9CAEA1F76EEE500995092 /* PBXContainerItemProxy */ = {
			isa = PBXContainerItemProxy;
			containerPortal = 92D9CACD1F76EEE400995092 /* Project object */;
			proxyType = 1;
			remoteGlobalIDString = 92D9CAD41F76EEE400995092;
			remoteInfo = CodingWithoutStoryboard;
		};
		92D9CAF51F76EEE500995092 /* PBXContainerItemProxy */ = {
			isa = PBXContainerItemProxy;
			containerPortal = 92D9CACD1F76EEE400995092 /* Project object */;
			proxyType = 1;
			remoteGlobalIDString = 92D9CAD41F76EEE400995092;
			remoteInfo = CodingWithoutStoryboard;
		};
/* End PBXContainerItemProxy section */

/* Begin PBXFileReference section */
		090E25CB26FCB3AFBC2D7F14 /* Pods-CodingWithoutStoryboardUITests.debug.xcconfig */ = {isa = PBXFileReference; includeInIndex = 1; lastKnownFileType = text.xcconfig; name = "Pods-CodingWithoutStoryboardUITests.debug.xcconfig"; path = "Pods/Target Support Files/Pods-CodingWithoutStoryboardUITests/Pods-CodingWithoutStoryboardUITests.debug.xcconfig"; sourceTree = "<group>"; };
		3C57E03B5ECAA672500B5642 /* Pods_CodingWithoutStoryboardUITests.framework */ = {isa = PBXFileReference; explicitFileType = wrapper.framework; includeInIndex = 0; path = Pods_CodingWithoutStoryboardUITests.framework; sourceTree = BUILT_PRODUCTS_DIR; };
		629656ECBF352B040FD47CB7 /* Pods-CodingWithoutStoryboardTests.release.xcconfig */ = {isa = PBXFileReference; includeInIndex = 1; lastKnownFileType = text.xcconfig; name = "Pods-CodingWithoutStoryboardTests.release.xcconfig"; path = "Pods/Target Support Files/Pods-CodingWithoutStoryboardTests/Pods-CodingWithoutStoryboardTests.release.xcconfig"; sourceTree = "<group>"; };
		784F0290340146DB0FEADF92 /* Pods-CodingWithoutStoryboard.release.xcconfig */ = {isa = PBXFileReference; includeInIndex = 1; lastKnownFileType = text.xcconfig; name = "Pods-CodingWithoutStoryboard.release.xcconfig"; path = "Pods/Target Support Files/Pods-CodingWithoutStoryboard/Pods-CodingWithoutStoryboard.release.xcconfig"; sourceTree = "<group>"; };
		79AF306443E8F4A4518F4149 /* Pods-CodingWithoutStoryboardTests.debug.xcconfig */ = {isa = PBXFileReference; includeInIndex = 1; lastKnownFileType = text.xcconfig; name = "Pods-CodingWithoutStoryboardTests.debug.xcconfig"; path = "Pods/Target Support Files/Pods-CodingWithoutStoryboardTests/Pods-CodingWithoutStoryboardTests.debug.xcconfig"; sourceTree = "<group>"; };
		92D9CAD51F76EEE400995092 /* CodingWithoutStoryboard.app */ = {isa = PBXFileReference; explicitFileType = wrapper.application; includeInIndex = 0; path = CodingWithoutStoryboard.app; sourceTree = BUILT_PRODUCTS_DIR; };
		92D9CAD81F76EEE400995092 /* AppDelegate.swift */ = {isa = PBXFileReference; lastKnownFileType = sourcecode.swift; path = AppDelegate.swift; sourceTree = "<group>"; };
		92D9CADF1F76EEE400995092 /* Assets.xcassets */ = {isa = PBXFileReference; lastKnownFileType = folder.assetcatalog; path = Assets.xcassets; sourceTree = "<group>"; };
		92D9CAE21F76EEE400995092 /* Base */ = {isa = PBXFileReference; lastKnownFileType = file.storyboard; name = Base; path = Base.lproj/LaunchScreen.storyboard; sourceTree = "<group>"; };
		92D9CAE41F76EEE400995092 /* Info.plist */ = {isa = PBXFileReference; lastKnownFileType = text.plist.xml; path = Info.plist; sourceTree = "<group>"; };
		92D9CAE91F76EEE500995092 /* CodingWithoutStoryboardTests.xctest */ = {isa = PBXFileReference; explicitFileType = wrapper.cfbundle; includeInIndex = 0; path = CodingWithoutStoryboardTests.xctest; sourceTree = BUILT_PRODUCTS_DIR; };
		92D9CAED1F76EEE500995092 /* CodingWithoutStoryboardTests.swift */ = {isa = PBXFileReference; lastKnownFileType = sourcecode.swift; path = CodingWithoutStoryboardTests.swift; sourceTree = "<group>"; };
		92D9CAEF1F76EEE500995092 /* Info.plist */ = {isa = PBXFileReference; lastKnownFileType = text.plist.xml; path = Info.plist; sourceTree = "<group>"; };
		92D9CAF41F76EEE500995092 /* CodingWithoutStoryboardUITests.xctest */ = {isa = PBXFileReference; explicitFileType = wrapper.cfbundle; includeInIndex = 0; path = CodingWithoutStoryboardUITests.xctest; sourceTree = BUILT_PRODUCTS_DIR; };
		92D9CAF81F76EEE500995092 /* CodingWithoutStoryboardUITests.swift */ = {isa = PBXFileReference; lastKnownFileType = sourcecode.swift; path = CodingWithoutStoryboardUITests.swift; sourceTree = "<group>"; };
		92D9CAFA1F76EEE500995092 /* Info.plist */ = {isa = PBXFileReference; lastKnownFileType = text.plist.xml; path = Info.plist; sourceTree = "<group>"; };
		92D9CB061F76F01F00995092 /* HomeController.swift */ = {isa = PBXFileReference; fileEncoding = 4; lastKnownFileType = sourcecode.swift; path = HomeController.swift; sourceTree = "<group>"; };
		92D9CB081F7896DD00995092 /* HomeDataSourceController.swift */ = {isa = PBXFileReference; fileEncoding = 4; lastKnownFileType = sourcecode.swift; path = HomeDataSourceController.swift; sourceTree = "<group>"; };
		CEDD88739FFC7FD2604C4DF4 /* Pods_CodingWithoutStoryboardTests.framework */ = {isa = PBXFileReference; explicitFileType = wrapper.framework; includeInIndex = 0; path = Pods_CodingWithoutStoryboardTests.framework; sourceTree = BUILT_PRODUCTS_DIR; };
		D585D944E29BFE7BAA351703 /* Pods-CodingWithoutStoryboardUITests.release.xcconfig */ = {isa = PBXFileReference; includeInIndex = 1; lastKnownFileType = text.xcconfig; name = "Pods-CodingWithoutStoryboardUITests.release.xcconfig"; path = "Pods/Target Support Files/Pods-CodingWithoutStoryboardUITests/Pods-CodingWithoutStoryboardUITests.release.xcconfig"; sourceTree = "<group>"; };
		D9DEDFC5D2C3E84524D954B2 /* Pods_CodingWithoutStoryboard.framework */ = {isa = PBXFileReference; explicitFileType = wrapper.framework; includeInIndex = 0; path = Pods_CodingWithoutStoryboard.framework; sourceTree = BUILT_PRODUCTS_DIR; };
		F40C585FF02D1CB2C5AF9AFD /* Pods-CodingWithoutStoryboard.debug.xcconfig */ = {isa = PBXFileReference; includeInIndex = 1; lastKnownFileType = text.xcconfig; name = "Pods-CodingWithoutStoryboard.debug.xcconfig"; path = "Pods/Target Support Files/Pods-CodingWithoutStoryboard/Pods-CodingWithoutStoryboard.debug.xcconfig"; sourceTree = "<group>"; };
/* End PBXFileReference section */

/* Begin PBXFrameworksBuildPhase section */
		92D9CAD21F76EEE400995092 /* Frameworks */ = {
			isa = PBXFrameworksBuildPhase;
			buildActionMask = 2147483647;
			files = (
				ED92E03EA647971A2A87F0D4 /* Pods_CodingWithoutStoryboard.framework in Frameworks */,
			);
			runOnlyForDeploymentPostprocessing = 0;
		};
		92D9CAE61F76EEE500995092 /* Frameworks */ = {
			isa = PBXFrameworksBuildPhase;
			buildActionMask = 2147483647;
			files = (
				2C0DE429301B74EB981BC42B /* Pods_CodingWithoutStoryboardTests.framework in Frameworks */,
			);
			runOnlyForDeploymentPostprocessing = 0;
		};
		92D9CAF11F76EEE500995092 /* Frameworks */ = {
			isa = PBXFrameworksBuildPhase;
			buildActionMask = 2147483647;
			files = (
				A244C96A29660577C7838229 /* Pods_CodingWithoutStoryboardUITests.framework in Frameworks */,
			);
			runOnlyForDeploymentPostprocessing = 0;
		};
/* End PBXFrameworksBuildPhase section */

/* Begin PBXGroup section */
		6A9F59085681A7A5FB898C78 /* Pods */ = {
			isa = PBXGroup;
			children = (
				F40C585FF02D1CB2C5AF9AFD /* Pods-CodingWithoutStoryboard.debug.xcconfig */,
				784F0290340146DB0FEADF92 /* Pods-CodingWithoutStoryboard.release.xcconfig */,
				79AF306443E8F4A4518F4149 /* Pods-CodingWithoutStoryboardTests.debug.xcconfig */,
				629656ECBF352B040FD47CB7 /* Pods-CodingWithoutStoryboardTests.release.xcconfig */,
				090E25CB26FCB3AFBC2D7F14 /* Pods-CodingWithoutStoryboardUITests.debug.xcconfig */,
				D585D944E29BFE7BAA351703 /* Pods-CodingWithoutStoryboardUITests.release.xcconfig */,
			);
			name = Pods;
			sourceTree = "<group>";
		};
		92D9CACC1F76EEE400995092 = {
			isa = PBXGroup;
			children = (
				92D9CAD71F76EEE400995092 /* CodingWithoutStoryboard */,
				92D9CAEC1F76EEE500995092 /* CodingWithoutStoryboardTests */,
				92D9CAF71F76EEE500995092 /* CodingWithoutStoryboardUITests */,
				92D9CAD61F76EEE400995092 /* Products */,
				6A9F59085681A7A5FB898C78 /* Pods */,
				D6AB513B1EFE7F978612212D /* Frameworks */,
			);
			sourceTree = "<group>";
		};
		92D9CAD61F76EEE400995092 /* Products */ = {
			isa = PBXGroup;
			children = (
				92D9CAD51F76EEE400995092 /* CodingWithoutStoryboard.app */,
				92D9CAE91F76EEE500995092 /* CodingWithoutStoryboardTests.xctest */,
				92D9CAF41F76EEE500995092 /* CodingWithoutStoryboardUITests.xctest */,
			);
			name = Products;
			sourceTree = "<group>";
		};
		92D9CAD71F76EEE400995092 /* CodingWithoutStoryboard */ = {
			isa = PBXGroup;
			children = (
				92D9CAD81F76EEE400995092 /* AppDelegate.swift */,
				92D9CB061F76F01F00995092 /* HomeController.swift */,
				92D9CADF1F76EEE400995092 /* Assets.xcassets */,
				92D9CAE11F76EEE400995092 /* LaunchScreen.storyboard */,
				92D9CAE41F76EEE400995092 /* Info.plist */,
				92D9CB081F7896DD00995092 /* HomeDataSourceController.swift */,
			);
			path = CodingWithoutStoryboard;
			sourceTree = "<group>";
		};
		92D9CAEC1F76EEE500995092 /* CodingWithoutStoryboardTests */ = {
			isa = PBXGroup;
			children = (
				92D9CAED1F76EEE500995092 /* CodingWithoutStoryboardTests.swift */,
				92D9CAEF1F76EEE500995092 /* Info.plist */,
			);
			path = CodingWithoutStoryboardTests;
			sourceTree = "<group>";
		};
		92D9CAF71F76EEE500995092 /* CodingWithoutStoryboardUITests */ = {
			isa = PBXGroup;
			children = (
				92D9CAF81F76EEE500995092 /* CodingWithoutStoryboardUITests.swift */,
				92D9CAFA1F76EEE500995092 /* Info.plist */,
			);
			path = CodingWithoutStoryboardUITests;
			sourceTree = "<group>";
		};
		D6AB513B1EFE7F978612212D /* Frameworks */ = {
			isa = PBXGroup;
			children = (
				D9DEDFC5D2C3E84524D954B2 /* Pods_CodingWithoutStoryboard.framework */,
				CEDD88739FFC7FD2604C4DF4 /* Pods_CodingWithoutStoryboardTests.framework */,
				3C57E03B5ECAA672500B5642 /* Pods_CodingWithoutStoryboardUITests.framework */,
			);
			name = Frameworks;
			sourceTree = "<group>";
		};
/* End PBXGroup section */

/* Begin PBXNativeTarget section */
		92D9CAD41F76EEE400995092 /* CodingWithoutStoryboard */ = {
			isa = PBXNativeTarget;
			buildConfigurationList = 92D9CAFD1F76EEE500995092 /* Build configuration list for PBXNativeTarget "CodingWithoutStoryboard" */;
			buildPhases = (
				49EFD26C9F057D623CCC5B5E /* [CP] Check Pods Manifest.lock */,
				92D9CAD11F76EEE400995092 /* Sources */,
				92D9CAD21F76EEE400995092 /* Frameworks */,
				92D9CAD31F76EEE400995092 /* Resources */,
				F2454C59F03EEED4B792B6DA /* [CP] Embed Pods Frameworks */,
				4DEC417449DB4D5C3181B6DD /* [CP] Copy Pods Resources */,
			);
			buildRules = (
			);
			dependencies = (
			);
			name = CodingWithoutStoryboard;
			productName = CodingWithoutStoryboard;
			productReference = 92D9CAD51F76EEE400995092 /* CodingWithoutStoryboard.app */;
			productType = "com.apple.product-type.application";
		};
		92D9CAE81F76EEE500995092 /* CodingWithoutStoryboardTests */ = {
			isa = PBXNativeTarget;
			buildConfigurationList = 92D9CB001F76EEE500995092 /* Build configuration list for PBXNativeTarget "CodingWithoutStoryboardTests" */;
			buildPhases = (
				0FE3B4478FEF013A930AB988 /* [CP] Check Pods Manifest.lock */,
				92D9CAE51F76EEE500995092 /* Sources */,
				92D9CAE61F76EEE500995092 /* Frameworks */,
				92D9CAE71F76EEE500995092 /* Resources */,
				673ECC6F0D24B1C3D9352D75 /* [CP] Embed Pods Frameworks */,
				F7BB8A1553322BAA44EA665B /* [CP] Copy Pods Resources */,
			);
			buildRules = (
			);
			dependencies = (
				92D9CAEB1F76EEE500995092 /* PBXTargetDependency */,
			);
			name = CodingWithoutStoryboardTests;
			productName = CodingWithoutStoryboardTests;
			productReference = 92D9CAE91F76EEE500995092 /* CodingWithoutStoryboardTests.xctest */;
			productType = "com.apple.product-type.bundle.unit-test";
		};
		92D9CAF31F76EEE500995092 /* CodingWithoutStoryboardUITests */ = {
			isa = PBXNativeTarget;
			buildConfigurationList = 92D9CB031F76EEE500995092 /* Build configuration list for PBXNativeTarget "CodingWithoutStoryboardUITests" */;
			buildPhases = (
				571A4E66D75C7325FD9D6166 /* [CP] Check Pods Manifest.lock */,
				92D9CAF01F76EEE500995092 /* Sources */,
				92D9CAF11F76EEE500995092 /* Frameworks */,
				92D9CAF21F76EEE500995092 /* Resources */,
				F3DC0D8E9BF9CD4376BBACEB /* [CP] Embed Pods Frameworks */,
				66519B0D812B89575E3316B1 /* [CP] Copy Pods Resources */,
			);
			buildRules = (
			);
			dependencies = (
				92D9CAF61F76EEE500995092 /* PBXTargetDependency */,
			);
			name = CodingWithoutStoryboardUITests;
			productName = CodingWithoutStoryboardUITests;
			productReference = 92D9CAF41F76EEE500995092 /* CodingWithoutStoryboardUITests.xctest */;
			productType = "com.apple.product-type.bundle.ui-testing";
		};
/* End PBXNativeTarget section */

/* Begin PBXProject section */
		92D9CACD1F76EEE400995092 /* Project object */ = {
			isa = PBXProject;
			attributes = {
				LastSwiftUpdateCheck = 0830;
				LastUpgradeCheck = 0830;
				ORGANIZATIONNAME = "Michael Doroff";
				TargetAttributes = {
					92D9CAD41F76EEE400995092 = {
						CreatedOnToolsVersion = 8.3.3;
						DevelopmentTeam = 59246CF2XH;
						ProvisioningStyle = Automatic;
					};
					92D9CAE81F76EEE500995092 = {
						CreatedOnToolsVersion = 8.3.3;
						DevelopmentTeam = 59246CF2XH;
						ProvisioningStyle = Automatic;
						TestTargetID = 92D9CAD41F76EEE400995092;
					};
					92D9CAF31F76EEE500995092 = {
						CreatedOnToolsVersion = 8.3.3;
						DevelopmentTeam = 59246CF2XH;
						ProvisioningStyle = Automatic;
						TestTargetID = 92D9CAD41F76EEE400995092;
					};
				};
			};
			buildConfigurationList = 92D9CAD01F76EEE400995092 /* Build configuration list for PBXProject "CodingWithoutStoryboard" */;
			compatibilityVersion = "Xcode 3.2";
			developmentRegion = English;
			hasScannedForEncodings = 0;
			knownRegions = (
				en,
				Base,
			);
			mainGroup = 92D9CACC1F76EEE400995092;
			productRefGroup = 92D9CAD61F76EEE400995092 /* Products */;
			projectDirPath = "";
			projectRoot = "";
			targets = (
				92D9CAD41F76EEE400995092 /* CodingWithoutStoryboard */,
				92D9CAE81F76EEE500995092 /* CodingWithoutStoryboardTests */,
				92D9CAF31F76EEE500995092 /* CodingWithoutStoryboardUITests */,
			);
		};
/* End PBXProject section */

/* Begin PBXResourcesBuildPhase section */
		92D9CAD31F76EEE400995092 /* Resources */ = {
			isa = PBXResourcesBuildPhase;
			buildActionMask = 2147483647;
			files = (
				92D9CAE31F76EEE400995092 /* LaunchScreen.storyboard in Resources */,
				92D9CAE01F76EEE400995092 /* Assets.xcassets in Resources */,
			);
			runOnlyForDeploymentPostprocessing = 0;
		};
		92D9CAE71F76EEE500995092 /* Resources */ = {
			isa = PBXResourcesBuildPhase;
			buildActionMask = 2147483647;
			files = (
			);
			runOnlyForDeploymentPostprocessing = 0;
		};
		92D9CAF21F76EEE500995092 /* Resources */ = {
			isa = PBXResourcesBuildPhase;
			buildActionMask = 2147483647;
			files = (
			);
			runOnlyForDeploymentPostprocessing = 0;
		};
/* End PBXResourcesBuildPhase section */

/* Begin PBXShellScriptBuildPhase section */
		0FE3B4478FEF013A930AB988 /* [CP] Check Pods Manifest.lock */ = {
			isa = PBXShellScriptBuildPhase;
			buildActionMask = 2147483647;
			files = (
			);
			inputPaths = (
			);
			name = "[CP] Check Pods Manifest.lock";
			outputPaths = (
			);
			runOnlyForDeploymentPostprocessing = 0;
			shellPath = /bin/sh;
			shellScript = "diff \"${PODS_PODFILE_DIR_PATH}/Podfile.lock\" \"${PODS_ROOT}/Manifest.lock\" > /dev/null\nif [ $? != 0 ] ; then\n    # print error to STDERR\n    echo \"error: The sandbox is not in sync with the Podfile.lock. Run 'pod install' or update your CocoaPods installation.\" >&2\n    exit 1\nfi\n";
			showEnvVarsInLog = 0;
		};
		49EFD26C9F057D623CCC5B5E /* [CP] Check Pods Manifest.lock */ = {
			isa = PBXShellScriptBuildPhase;
			buildActionMask = 2147483647;
			files = (
			);
			inputPaths = (
			);
			name = "[CP] Check Pods Manifest.lock";
			outputPaths = (
			);
			runOnlyForDeploymentPostprocessing = 0;
			shellPath = /bin/sh;
			shellScript = "diff \"${PODS_PODFILE_DIR_PATH}/Podfile.lock\" \"${PODS_ROOT}/Manifest.lock\" > /dev/null\nif [ $? != 0 ] ; then\n    # print error to STDERR\n    echo \"error: The sandbox is not in sync with the Podfile.lock. Run 'pod install' or update your CocoaPods installation.\" >&2\n    exit 1\nfi\n";
			showEnvVarsInLog = 0;
		};
		4DEC417449DB4D5C3181B6DD /* [CP] Copy Pods Resources */ = {
			isa = PBXShellScriptBuildPhase;
			buildActionMask = 2147483647;
			files = (
			);
			inputPaths = (
			);
			name = "[CP] Copy Pods Resources";
			outputPaths = (
			);
			runOnlyForDeploymentPostprocessing = 0;
			shellPath = /bin/sh;
			shellScript = "\"${SRCROOT}/Pods/Target Support Files/Pods-CodingWithoutStoryboard/Pods-CodingWithoutStoryboard-resources.sh\"\n";
			showEnvVarsInLog = 0;
		};
		571A4E66D75C7325FD9D6166 /* [CP] Check Pods Manifest.lock */ = {
			isa = PBXShellScriptBuildPhase;
			buildActionMask = 2147483647;
			files = (
			);
			inputPaths = (
			);
			name = "[CP] Check Pods Manifest.lock";
			outputPaths = (
			);
			runOnlyForDeploymentPostprocessing = 0;
			shellPath = /bin/sh;
			shellScript = "diff \"${PODS_PODFILE_DIR_PATH}/Podfile.lock\" \"${PODS_ROOT}/Manifest.lock\" > /dev/null\nif [ $? != 0 ] ; then\n    # print error to STDERR\n    echo \"error: The sandbox is not in sync with the Podfile.lock. Run 'pod install' or update your CocoaPods installation.\" >&2\n    exit 1\nfi\n";
			showEnvVarsInLog = 0;
		};
		66519B0D812B89575E3316B1 /* [CP] Copy Pods Resources */ = {
			isa = PBXShellScriptBuildPhase;
			buildActionMask = 2147483647;
			files = (
			);
			inputPaths = (
			);
			name = "[CP] Copy Pods Resources";
			outputPaths = (
			);
			runOnlyForDeploymentPostprocessing = 0;
			shellPath = /bin/sh;
			shellScript = "\"${SRCROOT}/Pods/Target Support Files/Pods-CodingWithoutStoryboardUITests/Pods-CodingWithoutStoryboardUITests-resources.sh\"\n";
			showEnvVarsInLog = 0;
		};
		673ECC6F0D24B1C3D9352D75 /* [CP] Embed Pods Frameworks */ = {
			isa = PBXShellScriptBuildPhase;
			buildActionMask = 2147483647;
			files = (
			);
			inputPaths = (
			);
			name = "[CP] Embed Pods Frameworks";
			outputPaths = (
			);
			runOnlyForDeploymentPostprocessing = 0;
			shellPath = /bin/sh;
			shellScript = "\"${SRCROOT}/Pods/Target Support Files/Pods-CodingWithoutStoryboardTests/Pods-CodingWithoutStoryboardTests-frameworks.sh\"\n";
			showEnvVarsInLog = 0;
		};
		F2454C59F03EEED4B792B6DA /* [CP] Embed Pods Frameworks */ = {
			isa = PBXShellScriptBuildPhase;
			buildActionMask = 2147483647;
			files = (
			);
			inputPaths = (
			);
			name = "[CP] Embed Pods Frameworks";
			outputPaths = (
			);
			runOnlyForDeploymentPostprocessing = 0;
			shellPath = /bin/sh;
			shellScript = "\"${SRCROOT}/Pods/Target Support Files/Pods-CodingWithoutStoryboard/Pods-CodingWithoutStoryboard-frameworks.sh\"\n";
			showEnvVarsInLog = 0;
		};
		F3DC0D8E9BF9CD4376BBACEB /* [CP] Embed Pods Frameworks */ = {
			isa = PBXShellScriptBuildPhase;
			buildActionMask = 2147483647;
			files = (
			);
			inputPaths = (
			);
			name = "[CP] Embed Pods Frameworks";
			outputPaths = (
			);
			runOnlyForDeploymentPostprocessing = 0;
			shellPath = /bin/sh;
			shellScript = "\"${SRCROOT}/Pods/Target Support Files/Pods-CodingWithoutStoryboardUITests/Pods-CodingWithoutStoryboardUITests-frameworks.sh\"\n";
			showEnvVarsInLog = 0;
		};
		F7BB8A1553322BAA44EA665B /* [CP] Copy Pods Resources */ = {
			isa = PBXShellScriptBuildPhase;
			buildActionMask = 2147483647;
			files = (
			);
			inputPaths = (
			);
			name = "[CP] Copy Pods Resources";
			outputPaths = (
			);
			runOnlyForDeploymentPostprocessing = 0;
			shellPath = /bin/sh;
			shellScript = "\"${SRCROOT}/Pods/Target Support Files/Pods-CodingWithoutStoryboardTests/Pods-CodingWithoutStoryboardTests-resources.sh\"\n";
			showEnvVarsInLog = 0;
		};
/* End PBXShellScriptBuildPhase section */

/* Begin PBXSourcesBuildPhase section */
		92D9CAD11F76EEE400995092 /* Sources */ = {
			isa = PBXSourcesBuildPhase;
			buildActionMask = 2147483647;
			files = (
				92D9CB091F7896DD00995092 /* HomeDataSourceController.swift in Sources */,
				92D9CAD91F76EEE400995092 /* AppDelegate.swift in Sources */,
				92D9CB071F76F01F00995092 /* HomeController.swift in Sources */,
			);
			runOnlyForDeploymentPostprocessing = 0;
		};
		92D9CAE51F76EEE500995092 /* Sources */ = {
			isa = PBXSourcesBuildPhase;
			buildActionMask = 2147483647;
			files = (
				92D9CAEE1F76EEE500995092 /* CodingWithoutStoryboardTests.swift in Sources */,
			);
			runOnlyForDeploymentPostprocessing = 0;
		};
		92D9CAF01F76EEE500995092 /* Sources */ = {
			isa = PBXSourcesBuildPhase;
			buildActionMask = 2147483647;
			files = (
				92D9CAF91F76EEE500995092 /* CodingWithoutStoryboardUITests.swift in Sources */,
			);
			runOnlyForDeploymentPostprocessing = 0;
		};
/* End PBXSourcesBuildPhase section */

/* Begin PBXTargetDependency section */
		92D9CAEB1F76EEE500995092 /* PBXTargetDependency */ = {
			isa = PBXTargetDependency;
			target = 92D9CAD41F76EEE400995092 /* CodingWithoutStoryboard */;
			targetProxy = 92D9CAEA1F76EEE500995092 /* PBXContainerItemProxy */;
		};
		92D9CAF61F76EEE500995092 /* PBXTargetDependency */ = {
			isa = PBXTargetDependency;
			target = 92D9CAD41F76EEE400995092 /* CodingWithoutStoryboard */;
			targetProxy = 92D9CAF51F76EEE500995092 /* PBXContainerItemProxy */;
		};
/* End PBXTargetDependency section */

/* Begin PBXVariantGroup section */
		92D9CAE11F76EEE400995092 /* LaunchScreen.storyboard */ = {
			isa = PBXVariantGroup;
			children = (
				92D9CAE21F76EEE400995092 /* Base */,
			);
			name = LaunchScreen.storyboard;
			sourceTree = "<group>";
		};
/* End PBXVariantGroup section */

/* Begin XCBuildConfiguration section */
		92D9CAFB1F76EEE500995092 /* Debug */ = {
			isa = XCBuildConfiguration;
			buildSettings = {
				ALWAYS_SEARCH_USER_PATHS = NO;
				CLANG_ANALYZER_NONNULL = YES;
				CLANG_ANALYZER_NUMBER_OBJECT_CONVERSION = YES_AGGRESSIVE;
				CLANG_CXX_LANGUAGE_STANDARD = "gnu++0x";
				CLANG_CXX_LIBRARY = "libc++";
				CLANG_ENABLE_MODULES = YES;
				CLANG_ENABLE_OBJC_ARC = YES;
				CLANG_WARN_BOOL_CONVERSION = YES;
				CLANG_WARN_CONSTANT_CONVERSION = YES;
				CLANG_WARN_DIRECT_OBJC_ISA_USAGE = YES_ERROR;
				CLANG_WARN_DOCUMENTATION_COMMENTS = YES;
				CLANG_WARN_EMPTY_BODY = YES;
				CLANG_WARN_ENUM_CONVERSION = YES;
				CLANG_WARN_INFINITE_RECURSION = YES;
				CLANG_WARN_INT_CONVERSION = YES;
				CLANG_WARN_OBJC_ROOT_CLASS = YES_ERROR;
				CLANG_WARN_SUSPICIOUS_MOVE = YES;
				CLANG_WARN_UNREACHABLE_CODE = YES;
				CLANG_WARN__DUPLICATE_METHOD_MATCH = YES;
				"CODE_SIGN_IDENTITY[sdk=iphoneos*]" = "iPhone Developer";
				COPY_PHASE_STRIP = NO;
				DEBUG_INFORMATION_FORMAT = dwarf;
				ENABLE_STRICT_OBJC_MSGSEND = YES;
				ENABLE_TESTABILITY = YES;
				GCC_C_LANGUAGE_STANDARD = gnu99;
				GCC_DYNAMIC_NO_PIC = NO;
				GCC_NO_COMMON_BLOCKS = YES;
				GCC_OPTIMIZATION_LEVEL = 0;
				GCC_PREPROCESSOR_DEFINITIONS = (
					"DEBUG=1",
					"$(inherited)",
				);
				GCC_WARN_64_TO_32_BIT_CONVERSION = YES;
				GCC_WARN_ABOUT_RETURN_TYPE = YES_ERROR;
				GCC_WARN_UNDECLARED_SELECTOR = YES;
				GCC_WARN_UNINITIALIZED_AUTOS = YES_AGGRESSIVE;
				GCC_WARN_UNUSED_FUNCTION = YES;
				GCC_WARN_UNUSED_VARIABLE = YES;
				IPHONEOS_DEPLOYMENT_TARGET = 10.3;
				MTL_ENABLE_DEBUG_INFO = YES;
				ONLY_ACTIVE_ARCH = YES;
				SDKROOT = iphoneos;
				SWIFT_ACTIVE_COMPILATION_CONDITIONS = DEBUG;
				SWIFT_OPTIMIZATION_LEVEL = "-Onone";
			};
			name = Debug;
		};
		92D9CAFC1F76EEE500995092 /* Release */ = {
			isa = XCBuildConfiguration;
			buildSettings = {
				ALWAYS_SEARCH_USER_PATHS = NO;
				CLANG_ANALYZER_NONNULL = YES;
				CLANG_ANALYZER_NUMBER_OBJECT_CONVERSION = YES_AGGRESSIVE;
				CLANG_CXX_LANGUAGE_STANDARD = "gnu++0x";
				CLANG_CXX_LIBRARY = "libc++";
				CLANG_ENABLE_MODULES = YES;
				CLANG_ENABLE_OBJC_ARC = YES;
				CLANG_WARN_BOOL_CONVERSION = YES;
				CLANG_WARN_CONSTANT_CONVERSION = YES;
				CLANG_WARN_DIRECT_OBJC_ISA_USAGE = YES_ERROR;
				CLANG_WARN_DOCUMENTATION_COMMENTS = YES;
				CLANG_WARN_EMPTY_BODY = YES;
				CLANG_WARN_ENUM_CONVERSION = YES;
				CLANG_WARN_INFINITE_RECURSION = YES;
				CLANG_WARN_INT_CONVERSION = YES;
				CLANG_WARN_OBJC_ROOT_CLASS = YES_ERROR;
				CLANG_WARN_SUSPICIOUS_MOVE = YES;
				CLANG_WARN_UNREACHABLE_CODE = YES;
				CLANG_WARN__DUPLICATE_METHOD_MATCH = YES;
				"CODE_SIGN_IDENTITY[sdk=iphoneos*]" = "iPhone Developer";
				COPY_PHASE_STRIP = NO;
				DEBUG_INFORMATION_FORMAT = "dwarf-with-dsym";
				ENABLE_NS_ASSERTIONS = NO;
				ENABLE_STRICT_OBJC_MSGSEND = YES;
				GCC_C_LANGUAGE_STANDARD = gnu99;
				GCC_NO_COMMON_BLOCKS = YES;
				GCC_WARN_64_TO_32_BIT_CONVERSION = YES;
				GCC_WARN_ABOUT_RETURN_TYPE = YES_ERROR;
				GCC_WARN_UNDECLARED_SELECTOR = YES;
				GCC_WARN_UNINITIALIZED_AUTOS = YES_AGGRESSIVE;
				GCC_WARN_UNUSED_FUNCTION = YES;
				GCC_WARN_UNUSED_VARIABLE = YES;
				IPHONEOS_DEPLOYMENT_TARGET = 10.3;
				MTL_ENABLE_DEBUG_INFO = NO;
				SDKROOT = iphoneos;
				SWIFT_OPTIMIZATION_LEVEL = "-Owholemodule";
				VALIDATE_PRODUCT = YES;
			};
			name = Release;
		};
		92D9CAFE1F76EEE500995092 /* Debug */ = {
			isa = XCBuildConfiguration;
			baseConfigurationReference = F40C585FF02D1CB2C5AF9AFD /* Pods-CodingWithoutStoryboard.debug.xcconfig */;
			buildSettings = {
				ASSETCATALOG_COMPILER_APPICON_NAME = AppIcon;
				DEVELOPMENT_TEAM = 59246CF2XH;
				INFOPLIST_FILE = CodingWithoutStoryboard/Info.plist;
				LD_RUNPATH_SEARCH_PATHS = "$(inherited) @executable_path/Frameworks";
				PRODUCT_BUNDLE_IDENTIFIER = www.google.com.CodingWithoutStoryboard;
				PRODUCT_NAME = "$(TARGET_NAME)";
				SWIFT_VERSION = 3.0;
			};
			name = Debug;
		};
		92D9CAFF1F76EEE500995092 /* Release */ = {
			isa = XCBuildConfiguration;
			baseConfigurationReference = 784F0290340146DB0FEADF92 /* Pods-CodingWithoutStoryboard.release.xcconfig */;
			buildSettings = {
				ASSETCATALOG_COMPILER_APPICON_NAME = AppIcon;
				DEVELOPMENT_TEAM = 59246CF2XH;
				INFOPLIST_FILE = CodingWithoutStoryboard/Info.plist;
				LD_RUNPATH_SEARCH_PATHS = "$(inherited) @executable_path/Frameworks";
				PRODUCT_BUNDLE_IDENTIFIER = www.google.com.CodingWithoutStoryboard;
				PRODUCT_NAME = "$(TARGET_NAME)";
				SWIFT_VERSION = 3.0;
			};
			name = Release;
		};
		92D9CB011F76EEE500995092 /* Debug */ = {
			isa = XCBuildConfiguration;
			baseConfigurationReference = 79AF306443E8F4A4518F4149 /* Pods-CodingWithoutStoryboardTests.debug.xcconfig */;
			buildSettings = {
				ALWAYS_EMBED_SWIFT_STANDARD_LIBRARIES = YES;
				BUNDLE_LOADER = "$(TEST_HOST)";
				DEVELOPMENT_TEAM = 59246CF2XH;
				INFOPLIST_FILE = CodingWithoutStoryboardTests/Info.plist;
				LD_RUNPATH_SEARCH_PATHS = "$(inherited) @executable_path/Frameworks @loader_path/Frameworks";
				PRODUCT_BUNDLE_IDENTIFIER = www.google.com.CodingWithoutStoryboardTests;
				PRODUCT_NAME = "$(TARGET_NAME)";
				SWIFT_VERSION = 3.0;
				TEST_HOST = "$(BUILT_PRODUCTS_DIR)/CodingWithoutStoryboard.app/CodingWithoutStoryboard";
			};
			name = Debug;
		};
		92D9CB021F76EEE500995092 /* Release */ = {
			isa = XCBuildConfiguration;
			baseConfigurationReference = 629656ECBF352B040FD47CB7 /* Pods-CodingWithoutStoryboardTests.release.xcconfig */;
			buildSettings = {
				ALWAYS_EMBED_SWIFT_STANDARD_LIBRARIES = YES;
				BUNDLE_LOADER = "$(TEST_HOST)";
				DEVELOPMENT_TEAM = 59246CF2XH;
				INFOPLIST_FILE = CodingWithoutStoryboardTests/Info.plist;
				LD_RUNPATH_SEARCH_PATHS = "$(inherited) @executable_path/Frameworks @loader_path/Frameworks";
				PRODUCT_BUNDLE_IDENTIFIER = www.google.com.CodingWithoutStoryboardTests;
				PRODUCT_NAME = "$(TARGET_NAME)";
				SWIFT_VERSION = 3.0;
				TEST_HOST = "$(BUILT_PRODUCTS_DIR)/CodingWithoutStoryboard.app/CodingWithoutStoryboard";
			};
			name = Release;
		};
		92D9CB041F76EEE500995092 /* Debug */ = {
			isa = XCBuildConfiguration;
			baseConfigurationReference = 090E25CB26FCB3AFBC2D7F14 /* Pods-CodingWithoutStoryboardUITests.debug.xcconfig */;
			buildSettings = {
				ALWAYS_EMBED_SWIFT_STANDARD_LIBRARIES = YES;
				DEVELOPMENT_TEAM = 59246CF2XH;
				INFOPLIST_FILE = CodingWithoutStoryboardUITests/Info.plist;
				LD_RUNPATH_SEARCH_PATHS = "$(inherited) @executable_path/Frameworks @loader_path/Frameworks";
				PRODUCT_BUNDLE_IDENTIFIER = www.google.com.CodingWithoutStoryboardUITests;
				PRODUCT_NAME = "$(TARGET_NAME)";
				SWIFT_VERSION = 3.0;
				TEST_TARGET_NAME = CodingWithoutStoryboard;
			};
			name = Debug;
		};
		92D9CB051F76EEE500995092 /* Release */ = {
			isa = XCBuildConfiguration;
			baseConfigurationReference = D585D944E29BFE7BAA351703 /* Pods-CodingWithoutStoryboardUITests.release.xcconfig */;
			buildSettings = {
				ALWAYS_EMBED_SWIFT_STANDARD_LIBRARIES = YES;
				DEVELOPMENT_TEAM = 59246CF2XH;
				INFOPLIST_FILE = CodingWithoutStoryboardUITests/Info.plist;
				LD_RUNPATH_SEARCH_PATHS = "$(inherited) @executable_path/Frameworks @loader_path/Frameworks";
				PRODUCT_BUNDLE_IDENTIFIER = www.google.com.CodingWithoutStoryboardUITests;
				PRODUCT_NAME = "$(TARGET_NAME)";
				SWIFT_VERSION = 3.0;
				TEST_TARGET_NAME = CodingWithoutStoryboard;
			};
			name = Release;
		};
/* End XCBuildConfiguration section */

/* Begin XCConfigurationList section */
		92D9CAD01F76EEE400995092 /* Build configuration list for PBXProject "CodingWithoutStoryboard" */ = {
			isa = XCConfigurationList;
			buildConfigurations = (
				92D9CAFB1F76EEE500995092 /* Debug */,
				92D9CAFC1F76EEE500995092 /* Release */,
			);
			defaultConfigurationIsVisible = 0;
			defaultConfigurationName = Release;
		};
		92D9CAFD1F76EEE500995092 /* Build configuration list for PBXNativeTarget "CodingWithoutStoryboard" */ = {
			isa = XCConfigurationList;
			buildConfigurations = (
				92D9CAFE1F76EEE500995092 /* Debug */,
				92D9CAFF1F76EEE500995092 /* Release */,
			);
			defaultConfigurationIsVisible = 0;
			defaultConfigurationName = Release;
		};
		92D9CB001F76EEE500995092 /* Build configuration list for PBXNativeTarget "CodingWithoutStoryboardTests" */ = {
			isa = XCConfigurationList;
			buildConfigurations = (
				92D9CB011F76EEE500995092 /* Debug */,
				92D9CB021F76EEE500995092 /* Release */,
			);
			defaultConfigurationIsVisible = 0;
			defaultConfigurationName = Release;
		};
		92D9CB031F76EEE500995092 /* Build configuration list for PBXNativeTarget "CodingWithoutStoryboardUITests" */ = {
			isa = XCConfigurationList;
			buildConfigurations = (
				92D9CB041F76EEE500995092 /* Debug */,
				92D9CB051F76EEE500995092 /* Release */,
			);
			defaultConfigurationIsVisible = 0;
			defaultConfigurationName = Release;
		};
/* End XCConfigurationList section */
	};
	rootObject = 92D9CACD1F76EEE400995092 /* Project object */;
}
