// !$*UTF8*$!
{
	archiveVersion = 1;
	classes = {
	};
	objectVersion = 46;
	objects = {

/* Begin PBXBuildFile section */
		8493405EEF5882138D4E31EE /* Pods_CodingWithoutStoryboardUITests.framework in Frameworks */ = {isa = PBXBuildFile; fileRef = 5E9BAD88095169BCC1ECAA3D /* Pods_CodingWithoutStoryboardUITests.framework */; };
		8D5F2B715A246DA4E1FE969D /* Pods_CodingWithoutStoryboardTests.framework in Frameworks */ = {isa = PBXBuildFile; fileRef = 4D1F812EBD7B245BD347B67E /* Pods_CodingWithoutStoryboardTests.framework */; };
		922586A01F7A7F0F00DFAA5F /* UserHeaderFooter.swift in Sources */ = {isa = PBXBuildFile; fileRef = 9225869F1F7A7F0F00DFAA5F /* UserHeaderFooter.swift */; };
		922586A21F7A7F5200DFAA5F /* Homedatasource.swift in Sources */ = {isa = PBXBuildFile; fileRef = 922586A11F7A7F5200DFAA5F /* Homedatasource.swift */; };
		92326D6C1F81C52E009F5111 /* User.swift in Sources */ = {isa = PBXBuildFile; fileRef = 92326D6B1F81C52E009F5111 /* User.swift */; };
		92326D6E1F85C970009F5111 /* UserCell.swift in Sources */ = {isa = PBXBuildFile; fileRef = 92326D6D1F85C970009F5111 /* UserCell.swift */; };
		9234AD9B1F8AF8040012C0CA /* HomeDataSourceController+NavBar.swift in Sources */ = {isa = PBXBuildFile; fileRef = 9234AD9A1F8AF8040012C0CA /* HomeDataSourceController+NavBar.swift */; };
		9234AD9D1F8B09080012C0CA /* TweetCell.swift in Sources */ = {isa = PBXBuildFile; fileRef = 9234AD9C1F8B09080012C0CA /* TweetCell.swift */; };
		92D9CAD91F76EEE400995092 /* AppDelegate.swift in Sources */ = {isa = PBXBuildFile; fileRef = 92D9CAD81F76EEE400995092 /* AppDelegate.swift */; };
		92D9CAE01F76EEE400995092 /* Assets.xcassets in Resources */ = {isa = PBXBuildFile; fileRef = 92D9CADF1F76EEE400995092 /* Assets.xcassets */; };
		92D9CAE31F76EEE400995092 /* LaunchScreen.storyboard in Resources */ = {isa = PBXBuildFile; fileRef = 92D9CAE11F76EEE400995092 /* LaunchScreen.storyboard */; };
		92D9CAEE1F76EEE500995092 /* CodingWithoutStoryboardTests.swift in Sources */ = {isa = PBXBuildFile; fileRef = 92D9CAED1F76EEE500995092 /* CodingWithoutStoryboardTests.swift */; };
		92D9CAF91F76EEE500995092 /* CodingWithoutStoryboardUITests.swift in Sources */ = {isa = PBXBuildFile; fileRef = 92D9CAF81F76EEE500995092 /* CodingWithoutStoryboardUITests.swift */; };
		92D9CB071F76F01F00995092 /* HomeController.swift in Sources */ = {isa = PBXBuildFile; fileRef = 92D9CB061F76F01F00995092 /* HomeController.swift */; };
		92D9CB091F7896DD00995092 /* HomeDataSourceController.swift in Sources */ = {isa = PBXBuildFile; fileRef = 92D9CB081F7896DD00995092 /* HomeDataSourceController.swift */; };
		E2276052BD889E15688381E5 /* Pods_CodingWithoutStoryboard.framework in Frameworks */ = {isa = PBXBuildFile; fileRef = 8D89645D89E7DE9C18D2B095 /* Pods_CodingWithoutStoryboard.framework */; };
/* End PBXBuildFile section */

/* Begin PBXContainerItemProxy section */
		92D9CAEA1F76EEE500995092 /* PBXContainerItemProxy */ = {
			isa = PBXContainerItemProxy;
			containerPortal = 92D9CACD1F76EEE400995092 /* Project object */;
			proxyType = 1;
			remoteGlobalIDString = 92D9CAD41F76EEE400995092;
			remoteInfo = CodingWithoutStoryboard;
		};
		92D9CAF51F76EEE500995092 /* PBXContainerItemProxy */ = {
			isa = PBXContainerItemProxy;
			containerPortal = 92D9CACD1F76EEE400995092 /* Project object */;
			proxyType = 1;
			remoteGlobalIDString = 92D9CAD41F76EEE400995092;
			remoteInfo = CodingWithoutStoryboard;
		};
/* End PBXContainerItemProxy section */

/* Begin PBXFileReference section */
		3951E20289E39B07F931C5FE /* Pods-CodingWithoutStoryboardUITests.release.xcconfig */ = {isa = PBXFileReference; includeInIndex = 1; lastKnownFileType = text.xcconfig; name = "Pods-CodingWithoutStoryboardUITests.release.xcconfig"; path = "Pods/Target Support Files/Pods-CodingWithoutStoryboardUITests/Pods-CodingWithoutStoryboardUITests.release.xcconfig"; sourceTree = "<group>"; };
		406D098CD5AD924DE1B608C0 /* Pods-CodingWithoutStoryboard.debug.xcconfig */ = {isa = PBXFileReference; includeInIndex = 1; lastKnownFileType = text.xcconfig; name = "Pods-CodingWithoutStoryboard.debug.xcconfig"; path = "Pods/Target Support Files/Pods-CodingWithoutStoryboard/Pods-CodingWithoutStoryboard.debug.xcconfig"; sourceTree = "<group>"; };
		4D1F812EBD7B245BD347B67E /* Pods_CodingWithoutStoryboardTests.framework */ = {isa = PBXFileReference; explicitFileType = wrapper.framework; includeInIndex = 0; path = Pods_CodingWithoutStoryboardTests.framework; sourceTree = BUILT_PRODUCTS_DIR; };
		5E9BAD88095169BCC1ECAA3D /* Pods_CodingWithoutStoryboardUITests.framework */ = {isa = PBXFileReference; explicitFileType = wrapper.framework; includeInIndex = 0; path = Pods_CodingWithoutStoryboardUITests.framework; sourceTree = BUILT_PRODUCTS_DIR; };
		7FFAE2F44AFAAB5C32A78017 /* Pods-CodingWithoutStoryboard.release.xcconfig */ = {isa = PBXFileReference; includeInIndex = 1; lastKnownFileType = text.xcconfig; name = "Pods-CodingWithoutStoryboard.release.xcconfig"; path = "Pods/Target Support Files/Pods-CodingWithoutStoryboard/Pods-CodingWithoutStoryboard.release.xcconfig"; sourceTree = "<group>"; };
		8D0EF76E786120FCF06073EA /* Pods-CodingWithoutStoryboardTests.debug.xcconfig */ = {isa = PBXFileReference; includeInIndex = 1; lastKnownFileType = text.xcconfig; name = "Pods-CodingWithoutStoryboardTests.debug.xcconfig"; path = "Pods/Target Support Files/Pods-CodingWithoutStoryboardTests/Pods-CodingWithoutStoryboardTests.debug.xcconfig"; sourceTree = "<group>"; };
		8D89645D89E7DE9C18D2B095 /* Pods_CodingWithoutStoryboard.framework */ = {isa = PBXFileReference; explicitFileType = wrapper.framework; includeInIndex = 0; path = Pods_CodingWithoutStoryboard.framework; sourceTree = BUILT_PRODUCTS_DIR; };
		9225869F1F7A7F0F00DFAA5F /* UserHeaderFooter.swift */ = {isa = PBXFileReference; fileEncoding = 4; lastKnownFileType = sourcecode.swift; path = UserHeaderFooter.swift; sourceTree = "<group>"; };
		922586A11F7A7F5200DFAA5F /* Homedatasource.swift */ = {isa = PBXFileReference; fileEncoding = 4; lastKnownFileType = sourcecode.swift; path = Homedatasource.swift; sourceTree = "<group>"; };
		92326D6B1F81C52E009F5111 /* User.swift */ = {isa = PBXFileReference; fileEncoding = 4; lastKnownFileType = sourcecode.swift; path = User.swift; sourceTree = "<group>"; };
		92326D6D1F85C970009F5111 /* UserCell.swift */ = {isa = PBXFileReference; fileEncoding = 4; lastKnownFileType = sourcecode.swift; path = UserCell.swift; sourceTree = "<group>"; };
		9234AD9A1F8AF8040012C0CA /* HomeDataSourceController+NavBar.swift */ = {isa = PBXFileReference; fileEncoding = 4; lastKnownFileType = sourcecode.swift; path = "HomeDataSourceController+NavBar.swift"; sourceTree = "<group>"; };
		9234AD9C1F8B09080012C0CA /* TweetCell.swift */ = {isa = PBXFileReference; fileEncoding = 4; lastKnownFileType = sourcecode.swift; path = TweetCell.swift; sourceTree = "<group>"; };
		92D9CAD51F76EEE400995092 /* CodingWithoutStoryboard.app */ = {isa = PBXFileReference; explicitFileType = wrapper.application; includeInIndex = 0; path = CodingWithoutStoryboard.app; sourceTree = BUILT_PRODUCTS_DIR; };
		92D9CAD81F76EEE400995092 /* AppDelegate.swift */ = {isa = PBXFileReference; lastKnownFileType = sourcecode.swift; path = AppDelegate.swift; sourceTree = "<group>"; };
		92D9CADF1F76EEE400995092 /* Assets.xcassets */ = {isa = PBXFileReference; lastKnownFileType = folder.assetcatalog; path = Assets.xcassets; sourceTree = "<group>"; };
		92D9CAE21F76EEE400995092 /* Base */ = {isa = PBXFileReference; lastKnownFileType = file.storyboard; name = Base; path = Base.lproj/LaunchScreen.storyboard; sourceTree = "<group>"; };
		92D9CAE41F76EEE400995092 /* Info.plist */ = {isa = PBXFileReference; lastKnownFileType = text.plist.xml; path = Info.plist; sourceTree = "<group>"; };
		92D9CAE91F76EEE500995092 /* CodingWithoutStoryboardTests.xctest */ = {isa = PBXFileReference; explicitFileType = wrapper.cfbundle; includeInIndex = 0; path = CodingWithoutStoryboardTests.xctest; sourceTree = BUILT_PRODUCTS_DIR; };
		92D9CAED1F76EEE500995092 /* CodingWithoutStoryboardTests.swift */ = {isa = PBXFileReference; lastKnownFileType = sourcecode.swift; path = CodingWithoutStoryboardTests.swift; sourceTree = "<group>"; };
		92D9CAEF1F76EEE500995092 /* Info.plist */ = {isa = PBXFileReference; lastKnownFileType = text.plist.xml; path = Info.plist; sourceTree = "<group>"; };
		92D9CAF41F76EEE500995092 /* CodingWithoutStoryboardUITests.xctest */ = {isa = PBXFileReference; explicitFileType = wrapper.cfbundle; includeInIndex = 0; path = CodingWithoutStoryboardUITests.xctest; sourceTree = BUILT_PRODUCTS_DIR; };
		92D9CAF81F76EEE500995092 /* CodingWithoutStoryboardUITests.swift */ = {isa = PBXFileReference; lastKnownFileType = sourcecode.swift; path = CodingWithoutStoryboardUITests.swift; sourceTree = "<group>"; };
		92D9CAFA1F76EEE500995092 /* Info.plist */ = {isa = PBXFileReference; lastKnownFileType = text.plist.xml; path = Info.plist; sourceTree = "<group>"; };
		92D9CB061F76F01F00995092 /* HomeController.swift */ = {isa = PBXFileReference; fileEncoding = 4; lastKnownFileType = sourcecode.swift; path = HomeController.swift; sourceTree = "<group>"; };
		92D9CB081F7896DD00995092 /* HomeDataSourceController.swift */ = {isa = PBXFileReference; fileEncoding = 4; lastKnownFileType = sourcecode.swift; path = HomeDataSourceController.swift; sourceTree = "<group>"; };
		D9D09664F2170031045FFCEB /* Pods-CodingWithoutStoryboardUITests.debug.xcconfig */ = {isa = PBXFileReference; includeInIndex = 1; lastKnownFileType = text.xcconfig; name = "Pods-CodingWithoutStoryboardUITests.debug.xcconfig"; path = "Pods/Target Support Files/Pods-CodingWithoutStoryboardUITests/Pods-CodingWithoutStoryboardUITests.debug.xcconfig"; sourceTree = "<group>"; };
		F4C366B46D6E3895633EC5EA /* Pods-CodingWithoutStoryboardTests.release.xcconfig */ = {isa = PBXFileReference; includeInIndex = 1; lastKnownFileType = text.xcconfig; name = "Pods-CodingWithoutStoryboardTests.release.xcconfig"; path = "Pods/Target Support Files/Pods-CodingWithoutStoryboardTests/Pods-CodingWithoutStoryboardTests.release.xcconfig"; sourceTree = "<group>"; };
/* End PBXFileReference section */

/* Begin PBXFrameworksBuildPhase section */
		92D9CAD21F76EEE400995092 /* Frameworks */ = {
			isa = PBXFrameworksBuildPhase;
			buildActionMask = 2147483647;
			files = (
				E2276052BD889E15688381E5 /* Pods_CodingWithoutStoryboard.framework in Frameworks */,
			);
			runOnlyForDeploymentPostprocessing = 0;
		};
		92D9CAE61F76EEE500995092 /* Frameworks */ = {
			isa = PBXFrameworksBuildPhase;
			buildActionMask = 2147483647;
			files = (
				8D5F2B715A246DA4E1FE969D /* Pods_CodingWithoutStoryboardTests.framework in Frameworks */,
			);
			runOnlyForDeploymentPostprocessing = 0;
		};
		92D9CAF11F76EEE500995092 /* Frameworks */ = {
			isa = PBXFrameworksBuildPhase;
			buildActionMask = 2147483647;
			files = (
				8493405EEF5882138D4E31EE /* Pods_CodingWithoutStoryboardUITests.framework in Frameworks */,
			);
			runOnlyForDeploymentPostprocessing = 0;
		};
/* End PBXFrameworksBuildPhase section */

/* Begin PBXGroup section */
		9225869C1F7A7EA100DFAA5F /* Controller */ = {
			isa = PBXGroup;
			children = (
				92D9CB081F7896DD00995092 /* HomeDataSourceController.swift */,
				9234AD9A1F8AF8040012C0CA /* HomeDataSourceController+NavBar.swift */,
			);
			name = Controller;
			sourceTree = "<group>";
		};
		9225869D1F7A7EB900DFAA5F /* View */ = {
			isa = PBXGroup;
			children = (
				9225869F1F7A7F0F00DFAA5F /* UserHeaderFooter.swift */,
				9234AD9C1F8B09080012C0CA /* TweetCell.swift */,
				92326D6D1F85C970009F5111 /* UserCell.swift */,
			);
			name = View;
			sourceTree = "<group>";
		};
		9225869E1F7A7ECA00DFAA5F /* Model */ = {
			isa = PBXGroup;
			children = (
				922586A11F7A7F5200DFAA5F /* Homedatasource.swift */,
				92326D6B1F81C52E009F5111 /* User.swift */,
			);
			name = Model;
			sourceTree = "<group>";
		};
		92D9CACC1F76EEE400995092 = {
			isa = PBXGroup;
			children = (
				92D9CAD71F76EEE400995092 /* CodingWithoutStoryboard */,
				92D9CAEC1F76EEE500995092 /* CodingWithoutStoryboardTests */,
				92D9CAF71F76EEE500995092 /* CodingWithoutStoryboardUITests */,
				92D9CAD61F76EEE400995092 /* Products */,
				E36A8E605BBF02315D4FBECC /* Pods */,
				C88784D3656050F2F360B37A /* Frameworks */,
			);
			sourceTree = "<group>";
		};
		92D9CAD61F76EEE400995092 /* Products */ = {
			isa = PBXGroup;
			children = (
				92D9CAD51F76EEE400995092 /* CodingWithoutStoryboard.app */,
				92D9CAE91F76EEE500995092 /* CodingWithoutStoryboardTests.xctest */,
				92D9CAF41F76EEE500995092 /* CodingWithoutStoryboardUITests.xctest */,
			);
			name = Products;
			sourceTree = "<group>";
		};
		92D9CAD71F76EEE400995092 /* CodingWithoutStoryboard */ = {
			isa = PBXGroup;
			children = (
				9225869E1F7A7ECA00DFAA5F /* Model */,
				9225869D1F7A7EB900DFAA5F /* View */,
				9225869C1F7A7EA100DFAA5F /* Controller */,
				92D9CAD81F76EEE400995092 /* AppDelegate.swift */,
				92D9CB061F76F01F00995092 /* HomeController.swift */,
				92D9CADF1F76EEE400995092 /* Assets.xcassets */,
				92D9CAE11F76EEE400995092 /* LaunchScreen.storyboard */,
				92D9CAE41F76EEE400995092 /* Info.plist */,
			);
			path = CodingWithoutStoryboard;
			sourceTree = "<group>";
		};
		92D9CAEC1F76EEE500995092 /* CodingWithoutStoryboardTests */ = {
			isa = PBXGroup;
			children = (
				92D9CAED1F76EEE500995092 /* CodingWithoutStoryboardTests.swift */,
				92D9CAEF1F76EEE500995092 /* Info.plist */,
			);
			path = CodingWithoutStoryboardTests;
			sourceTree = "<group>";
		};
		92D9CAF71F76EEE500995092 /* CodingWithoutStoryboardUITests */ = {
			isa = PBXGroup;
			children = (
				92D9CAF81F76EEE500995092 /* CodingWithoutStoryboardUITests.swift */,
				92D9CAFA1F76EEE500995092 /* Info.plist */,
			);
			path = CodingWithoutStoryboardUITests;
			sourceTree = "<group>";
		};
		C88784D3656050F2F360B37A /* Frameworks */ = {
			isa = PBXGroup;
			children = (
				8D89645D89E7DE9C18D2B095 /* Pods_CodingWithoutStoryboard.framework */,
				4D1F812EBD7B245BD347B67E /* Pods_CodingWithoutStoryboardTests.framework */,
				5E9BAD88095169BCC1ECAA3D /* Pods_CodingWithoutStoryboardUITests.framework */,
			);
			name = Frameworks;
			sourceTree = "<group>";
		};
		E36A8E605BBF02315D4FBECC /* Pods */ = {
			isa = PBXGroup;
			children = (
				406D098CD5AD924DE1B608C0 /* Pods-CodingWithoutStoryboard.debug.xcconfig */,
				7FFAE2F44AFAAB5C32A78017 /* Pods-CodingWithoutStoryboard.release.xcconfig */,
				8D0EF76E786120FCF06073EA /* Pods-CodingWithoutStoryboardTests.debug.xcconfig */,
				F4C366B46D6E3895633EC5EA /* Pods-CodingWithoutStoryboardTests.release.xcconfig */,
				D9D09664F2170031045FFCEB /* Pods-CodingWithoutStoryboardUITests.debug.xcconfig */,
				3951E20289E39B07F931C5FE /* Pods-CodingWithoutStoryboardUITests.release.xcconfig */,
			);
			name = Pods;
			sourceTree = "<group>";
		};
/* End PBXGroup section */

/* Begin PBXNativeTarget section */
		92D9CAD41F76EEE400995092 /* CodingWithoutStoryboard */ = {
			isa = PBXNativeTarget;
			buildConfigurationList = 92D9CAFD1F76EEE500995092 /* Build configuration list for PBXNativeTarget "CodingWithoutStoryboard" */;
			buildPhases = (
				7B200CD051AAA7803C65F39E /* [CP] Check Pods Manifest.lock */,
				92D9CAD11F76EEE400995092 /* Sources */,
				92D9CAD21F76EEE400995092 /* Frameworks */,
				92D9CAD31F76EEE400995092 /* Resources */,
				BE817A91F5F745A856109D26 /* [CP] Embed Pods Frameworks */,
				384D22EB578ED28B9328B04D /* [CP] Copy Pods Resources */,
			);
			buildRules = (
			);
			dependencies = (
			);
			name = CodingWithoutStoryboard;
			productName = CodingWithoutStoryboard;
			productReference = 92D9CAD51F76EEE400995092 /* CodingWithoutStoryboard.app */;
			productType = "com.apple.product-type.application";
		};
		92D9CAE81F76EEE500995092 /* CodingWithoutStoryboardTests */ = {
			isa = PBXNativeTarget;
			buildConfigurationList = 92D9CB001F76EEE500995092 /* Build configuration list for PBXNativeTarget "CodingWithoutStoryboardTests" */;
			buildPhases = (
				A285AC2FE9D858D3D1324A42 /* [CP] Check Pods Manifest.lock */,
				92D9CAE51F76EEE500995092 /* Sources */,
				92D9CAE61F76EEE500995092 /* Frameworks */,
				92D9CAE71F76EEE500995092 /* Resources */,
				1A0125CD5D51C0934EB90CE0 /* [CP] Embed Pods Frameworks */,
				A4DF9EF3DCF102545F53AD4F /* [CP] Copy Pods Resources */,
			);
			buildRules = (
			);
			dependencies = (
				92D9CAEB1F76EEE500995092 /* PBXTargetDependency */,
			);
			name = CodingWithoutStoryboardTests;
			productName = CodingWithoutStoryboardTests;
			productReference = 92D9CAE91F76EEE500995092 /* CodingWithoutStoryboardTests.xctest */;
			productType = "com.apple.product-type.bundle.unit-test";
		};
		92D9CAF31F76EEE500995092 /* CodingWithoutStoryboardUITests */ = {
			isa = PBXNativeTarget;
			buildConfigurationList = 92D9CB031F76EEE500995092 /* Build configuration list for PBXNativeTarget "CodingWithoutStoryboardUITests" */;
			buildPhases = (
				00EDE51B32F4694A41A94B80 /* [CP] Check Pods Manifest.lock */,
				92D9CAF01F76EEE500995092 /* Sources */,
				92D9CAF11F76EEE500995092 /* Frameworks */,
				92D9CAF21F76EEE500995092 /* Resources */,
				7E194C280C3481BCB7D14878 /* [CP] Embed Pods Frameworks */,
				389BC13A4F9953B18F05CAAD /* [CP] Copy Pods Resources */,
			);
			buildRules = (
			);
			dependencies = (
				92D9CAF61F76EEE500995092 /* PBXTargetDependency */,
			);
			name = CodingWithoutStoryboardUITests;
			productName = CodingWithoutStoryboardUITests;
			productReference = 92D9CAF41F76EEE500995092 /* CodingWithoutStoryboardUITests.xctest */;
			productType = "com.apple.product-type.bundle.ui-testing";
		};
/* End PBXNativeTarget section */

/* Begin PBXProject section */
		92D9CACD1F76EEE400995092 /* Project object */ = {
			isa = PBXProject;
			attributes = {
				LastSwiftUpdateCheck = 0830;
				LastUpgradeCheck = 0830;
				ORGANIZATIONNAME = "Michael Doroff";
				TargetAttributes = {
					92D9CAD41F76EEE400995092 = {
						CreatedOnToolsVersion = 8.3.3;
						DevelopmentTeam = 59246CF2XH;
						ProvisioningStyle = Automatic;
					};
					92D9CAE81F76EEE500995092 = {
						CreatedOnToolsVersion = 8.3.3;
						DevelopmentTeam = 59246CF2XH;
						ProvisioningStyle = Automatic;
						TestTargetID = 92D9CAD41F76EEE400995092;
					};
					92D9CAF31F76EEE500995092 = {
						CreatedOnToolsVersion = 8.3.3;
						DevelopmentTeam = 59246CF2XH;
						ProvisioningStyle = Automatic;
						TestTargetID = 92D9CAD41F76EEE400995092;
					};
				};
			};
			buildConfigurationList = 92D9CAD01F76EEE400995092 /* Build configuration list for PBXProject "CodingWithoutStoryboard" */;
			compatibilityVersion = "Xcode 3.2";
			developmentRegion = English;
			hasScannedForEncodings = 0;
			knownRegions = (
				en,
				Base,
			);
			mainGroup = 92D9CACC1F76EEE400995092;
			productRefGroup = 92D9CAD61F76EEE400995092 /* Products */;
			projectDirPath = "";
			projectRoot = "";
			targets = (
				92D9CAD41F76EEE400995092 /* CodingWithoutStoryboard */,
				92D9CAE81F76EEE500995092 /* CodingWithoutStoryboardTests */,
				92D9CAF31F76EEE500995092 /* CodingWithoutStoryboardUITests */,
			);
		};
/* End PBXProject section */

/* Begin PBXResourcesBuildPhase section */
		92D9CAD31F76EEE400995092 /* Resources */ = {
			isa = PBXResourcesBuildPhase;
			buildActionMask = 2147483647;
			files = (
				92D9CAE31F76EEE400995092 /* LaunchScreen.storyboard in Resources */,
				92D9CAE01F76EEE400995092 /* Assets.xcassets in Resources */,
			);
			runOnlyForDeploymentPostprocessing = 0;
		};
		92D9CAE71F76EEE500995092 /* Resources */ = {
			isa = PBXResourcesBuildPhase;
			buildActionMask = 2147483647;
			files = (
			);
			runOnlyForDeploymentPostprocessing = 0;
		};
		92D9CAF21F76EEE500995092 /* Resources */ = {
			isa = PBXResourcesBuildPhase;
			buildActionMask = 2147483647;
			files = (
			);
			runOnlyForDeploymentPostprocessing = 0;
		};
/* End PBXResourcesBuildPhase section */

/* Begin PBXShellScriptBuildPhase section */
		00EDE51B32F4694A41A94B80 /* [CP] Check Pods Manifest.lock */ = {
			isa = PBXShellScriptBuildPhase;
			buildActionMask = 2147483647;
			files = (
			);
			inputPaths = (
			);
			name = "[CP] Check Pods Manifest.lock";
			outputPaths = (
			);
			runOnlyForDeploymentPostprocessing = 0;
			shellPath = /bin/sh;
			shellScript = "diff \"${PODS_PODFILE_DIR_PATH}/Podfile.lock\" \"${PODS_ROOT}/Manifest.lock\" > /dev/null\nif [ $? != 0 ] ; then\n    # print error to STDERR\n    echo \"error: The sandbox is not in sync with the Podfile.lock. Run 'pod install' or update your CocoaPods installation.\" >&2\n    exit 1\nfi\n";
			showEnvVarsInLog = 0;
		};
		1A0125CD5D51C0934EB90CE0 /* [CP] Embed Pods Frameworks */ = {
			isa = PBXShellScriptBuildPhase;
			buildActionMask = 2147483647;
			files = (
			);
			inputPaths = (
			);
			name = "[CP] Embed Pods Frameworks";
			outputPaths = (
			);
			runOnlyForDeploymentPostprocessing = 0;
			shellPath = /bin/sh;
			shellScript = "\"${SRCROOT}/Pods/Target Support Files/Pods-CodingWithoutStoryboardTests/Pods-CodingWithoutStoryboardTests-frameworks.sh\"\n";
			showEnvVarsInLog = 0;
		};
		384D22EB578ED28B9328B04D /* [CP] Copy Pods Resources */ = {
			isa = PBXShellScriptBuildPhase;
			buildActionMask = 2147483647;
			files = (
			);
			inputPaths = (
			);
			name = "[CP] Copy Pods Resources";
			outputPaths = (
			);
			runOnlyForDeploymentPostprocessing = 0;
			shellPath = /bin/sh;
			shellScript = "\"${SRCROOT}/Pods/Target Support Files/Pods-CodingWithoutStoryboard/Pods-CodingWithoutStoryboard-resources.sh\"\n";
			showEnvVarsInLog = 0;
		};
		389BC13A4F9953B18F05CAAD /* [CP] Copy Pods Resources */ = {
			isa = PBXShellScriptBuildPhase;
			buildActionMask = 2147483647;
			files = (
			);
			inputPaths = (
			);
			name = "[CP] Copy Pods Resources";
			outputPaths = (
			);
			runOnlyForDeploymentPostprocessing = 0;
			shellPath = /bin/sh;
			shellScript = "\"${SRCROOT}/Pods/Target Support Files/Pods-CodingWithoutStoryboardUITests/Pods-CodingWithoutStoryboardUITests-resources.sh\"\n";
			showEnvVarsInLog = 0;
		};
		7B200CD051AAA7803C65F39E /* [CP] Check Pods Manifest.lock */ = {
			isa = PBXShellScriptBuildPhase;
			buildActionMask = 2147483647;
			files = (
			);
			inputPaths = (
			);
			name = "[CP] Check Pods Manifest.lock";
			outputPaths = (
			);
			runOnlyForDeploymentPostprocessing = 0;
			shellPath = /bin/sh;
			shellScript = "diff \"${PODS_PODFILE_DIR_PATH}/Podfile.lock\" \"${PODS_ROOT}/Manifest.lock\" > /dev/null\nif [ $? != 0 ] ; then\n    # print error to STDERR\n    echo \"error: The sandbox is not in sync with the Podfile.lock. Run 'pod install' or update your CocoaPods installation.\" >&2\n    exit 1\nfi\n";
			showEnvVarsInLog = 0;
		};
		7E194C280C3481BCB7D14878 /* [CP] Embed Pods Frameworks */ = {
			isa = PBXShellScriptBuildPhase;
			buildActionMask = 2147483647;
			files = (
			);
			inputPaths = (
			);
			name = "[CP] Embed Pods Frameworks";
			outputPaths = (
			);
			runOnlyForDeploymentPostprocessing = 0;
			shellPath = /bin/sh;
			shellScript = "\"${SRCROOT}/Pods/Target Support Files/Pods-CodingWithoutStoryboardUITests/Pods-CodingWithoutStoryboardUITests-frameworks.sh\"\n";
			showEnvVarsInLog = 0;
		};
		A285AC2FE9D858D3D1324A42 /* [CP] Check Pods Manifest.lock */ = {
			isa = PBXShellScriptBuildPhase;
			buildActionMask = 2147483647;
			files = (
			);
			inputPaths = (
			);
			name = "[CP] Check Pods Manifest.lock";
			outputPaths = (
			);
			runOnlyForDeploymentPostprocessing = 0;
			shellPath = /bin/sh;
			shellScript = "diff \"${PODS_PODFILE_DIR_PATH}/Podfile.lock\" \"${PODS_ROOT}/Manifest.lock\" > /dev/null\nif [ $? != 0 ] ; then\n    # print error to STDERR\n    echo \"error: The sandbox is not in sync with the Podfile.lock. Run 'pod install' or update your CocoaPods installation.\" >&2\n    exit 1\nfi\n";
			showEnvVarsInLog = 0;
		};
		A4DF9EF3DCF102545F53AD4F /* [CP] Copy Pods Resources */ = {
			isa = PBXShellScriptBuildPhase;
			buildActionMask = 2147483647;
			files = (
			);
			inputPaths = (
			);
			name = "[CP] Copy Pods Resources";
			outputPaths = (
			);
			runOnlyForDeploymentPostprocessing = 0;
			shellPath = /bin/sh;
			shellScript = "\"${SRCROOT}/Pods/Target Support Files/Pods-CodingWithoutStoryboardTests/Pods-CodingWithoutStoryboardTests-resources.sh\"\n";
			showEnvVarsInLog = 0;
		};
		BE817A91F5F745A856109D26 /* [CP] Embed Pods Frameworks */ = {
			isa = PBXShellScriptBuildPhase;
			buildActionMask = 2147483647;
			files = (
			);
			inputPaths = (
			);
			name = "[CP] Embed Pods Frameworks";
			outputPaths = (
			);
			runOnlyForDeploymentPostprocessing = 0;
			shellPath = /bin/sh;
			shellScript = "\"${SRCROOT}/Pods/Target Support Files/Pods-CodingWithoutStoryboard/Pods-CodingWithoutStoryboard-frameworks.sh\"\n";
			showEnvVarsInLog = 0;
		};
/* End PBXShellScriptBuildPhase section */

/* Begin PBXSourcesBuildPhase section */
		92D9CAD11F76EEE400995092 /* Sources */ = {
			isa = PBXSourcesBuildPhase;
			buildActionMask = 2147483647;
			files = (
				92D9CB091F7896DD00995092 /* HomeDataSourceController.swift in Sources */,
				922586A01F7A7F0F00DFAA5F /* UserHeaderFooter.swift in Sources */,
				92326D6C1F81C52E009F5111 /* User.swift in Sources */,
				9234AD9D1F8B09080012C0CA /* TweetCell.swift in Sources */,
				922586A21F7A7F5200DFAA5F /* Homedatasource.swift in Sources */,
				92D9CAD91F76EEE400995092 /* AppDelegate.swift in Sources */,
				9234AD9B1F8AF8040012C0CA /* HomeDataSourceController+NavBar.swift in Sources */,
				92D9CB071F76F01F00995092 /* HomeController.swift in Sources */,
				92326D6E1F85C970009F5111 /* UserCell.swift in Sources */,
			);
			runOnlyForDeploymentPostprocessing = 0;
		};
		92D9CAE51F76EEE500995092 /* Sources */ = {
			isa = PBXSourcesBuildPhase;
			buildActionMask = 2147483647;
			files = (
				92D9CAEE1F76EEE500995092 /* CodingWithoutStoryboardTests.swift in Sources */,
			);
			runOnlyForDeploymentPostprocessing = 0;
		};
		92D9CAF01F76EEE500995092 /* Sources */ = {
			isa = PBXSourcesBuildPhase;
			buildActionMask = 2147483647;
			files = (
				92D9CAF91F76EEE500995092 /* CodingWithoutStoryboardUITests.swift in Sources */,
			);
			runOnlyForDeploymentPostprocessing = 0;
		};
/* End PBXSourcesBuildPhase section */

/* Begin PBXTargetDependency section */
		92D9CAEB1F76EEE500995092 /* PBXTargetDependency */ = {
			isa = PBXTargetDependency;
			target = 92D9CAD41F76EEE400995092 /* CodingWithoutStoryboard */;
			targetProxy = 92D9CAEA1F76EEE500995092 /* PBXContainerItemProxy */;
		};
		92D9CAF61F76EEE500995092 /* PBXTargetDependency */ = {
			isa = PBXTargetDependency;
			target = 92D9CAD41F76EEE400995092 /* CodingWithoutStoryboard */;
			targetProxy = 92D9CAF51F76EEE500995092 /* PBXContainerItemProxy */;
		};
/* End PBXTargetDependency section */

/* Begin PBXVariantGroup section */
		92D9CAE11F76EEE400995092 /* LaunchScreen.storyboard */ = {
			isa = PBXVariantGroup;
			children = (
				92D9CAE21F76EEE400995092 /* Base */,
			);
			name = LaunchScreen.storyboard;
			sourceTree = "<group>";
		};
/* End PBXVariantGroup section */

/* Begin XCBuildConfiguration section */
		92D9CAFB1F76EEE500995092 /* Debug */ = {
			isa = XCBuildConfiguration;
			buildSettings = {
				ALWAYS_SEARCH_USER_PATHS = NO;
				CLANG_ANALYZER_NONNULL = YES;
				CLANG_ANALYZER_NUMBER_OBJECT_CONVERSION = YES_AGGRESSIVE;
				CLANG_CXX_LANGUAGE_STANDARD = "gnu++0x";
				CLANG_CXX_LIBRARY = "libc++";
				CLANG_ENABLE_MODULES = YES;
				CLANG_ENABLE_OBJC_ARC = YES;
				CLANG_WARN_BOOL_CONVERSION = YES;
				CLANG_WARN_CONSTANT_CONVERSION = YES;
				CLANG_WARN_DIRECT_OBJC_ISA_USAGE = YES_ERROR;
				CLANG_WARN_DOCUMENTATION_COMMENTS = YES;
				CLANG_WARN_EMPTY_BODY = YES;
				CLANG_WARN_ENUM_CONVERSION = YES;
				CLANG_WARN_INFINITE_RECURSION = YES;
				CLANG_WARN_INT_CONVERSION = YES;
				CLANG_WARN_OBJC_ROOT_CLASS = YES_ERROR;
				CLANG_WARN_SUSPICIOUS_MOVE = YES;
				CLANG_WARN_UNREACHABLE_CODE = YES;
				CLANG_WARN__DUPLICATE_METHOD_MATCH = YES;
				"CODE_SIGN_IDENTITY[sdk=iphoneos*]" = "iPhone Developer";
				COPY_PHASE_STRIP = NO;
				DEBUG_INFORMATION_FORMAT = dwarf;
				ENABLE_STRICT_OBJC_MSGSEND = YES;
				ENABLE_TESTABILITY = YES;
				GCC_C_LANGUAGE_STANDARD = gnu99;
				GCC_DYNAMIC_NO_PIC = NO;
				GCC_NO_COMMON_BLOCKS = YES;
				GCC_OPTIMIZATION_LEVEL = 0;
				GCC_PREPROCESSOR_DEFINITIONS = (
					"DEBUG=1",
					"$(inherited)",
				);
				GCC_WARN_64_TO_32_BIT_CONVERSION = YES;
				GCC_WARN_ABOUT_RETURN_TYPE = YES_ERROR;
				GCC_WARN_UNDECLARED_SELECTOR = YES;
				GCC_WARN_UNINITIALIZED_AUTOS = YES_AGGRESSIVE;
				GCC_WARN_UNUSED_FUNCTION = YES;
				GCC_WARN_UNUSED_VARIABLE = YES;
				IPHONEOS_DEPLOYMENT_TARGET = 10.3;
				MTL_ENABLE_DEBUG_INFO = YES;
				ONLY_ACTIVE_ARCH = YES;
				SDKROOT = iphoneos;
				SWIFT_ACTIVE_COMPILATION_CONDITIONS = DEBUG;
				SWIFT_OPTIMIZATION_LEVEL = "-Onone";
			};
			name = Debug;
		};
		92D9CAFC1F76EEE500995092 /* Release */ = {
			isa = XCBuildConfiguration;
			buildSettings = {
				ALWAYS_SEARCH_USER_PATHS = NO;
				CLANG_ANALYZER_NONNULL = YES;
				CLANG_ANALYZER_NUMBER_OBJECT_CONVERSION = YES_AGGRESSIVE;
				CLANG_CXX_LANGUAGE_STANDARD = "gnu++0x";
				CLANG_CXX_LIBRARY = "libc++";
				CLANG_ENABLE_MODULES = YES;
				CLANG_ENABLE_OBJC_ARC = YES;
				CLANG_WARN_BOOL_CONVERSION = YES;
				CLANG_WARN_CONSTANT_CONVERSION = YES;
				CLANG_WARN_DIRECT_OBJC_ISA_USAGE = YES_ERROR;
				CLANG_WARN_DOCUMENTATION_COMMENTS = YES;
				CLANG_WARN_EMPTY_BODY = YES;
				CLANG_WARN_ENUM_CONVERSION = YES;
				CLANG_WARN_INFINITE_RECURSION = YES;
				CLANG_WARN_INT_CONVERSION = YES;
				CLANG_WARN_OBJC_ROOT_CLASS = YES_ERROR;
				CLANG_WARN_SUSPICIOUS_MOVE = YES;
				CLANG_WARN_UNREACHABLE_CODE = YES;
				CLANG_WARN__DUPLICATE_METHOD_MATCH = YES;
				"CODE_SIGN_IDENTITY[sdk=iphoneos*]" = "iPhone Developer";
				COPY_PHASE_STRIP = NO;
				DEBUG_INFORMATION_FORMAT = "dwarf-with-dsym";
				ENABLE_NS_ASSERTIONS = NO;
				ENABLE_STRICT_OBJC_MSGSEND = YES;
				GCC_C_LANGUAGE_STANDARD = gnu99;
				GCC_NO_COMMON_BLOCKS = YES;
				GCC_WARN_64_TO_32_BIT_CONVERSION = YES;
				GCC_WARN_ABOUT_RETURN_TYPE = YES_ERROR;
				GCC_WARN_UNDECLARED_SELECTOR = YES;
				GCC_WARN_UNINITIALIZED_AUTOS = YES_AGGRESSIVE;
				GCC_WARN_UNUSED_FUNCTION = YES;
				GCC_WARN_UNUSED_VARIABLE = YES;
				IPHONEOS_DEPLOYMENT_TARGET = 10.3;
				MTL_ENABLE_DEBUG_INFO = NO;
				SDKROOT = iphoneos;
				SWIFT_OPTIMIZATION_LEVEL = "-Owholemodule";
				VALIDATE_PRODUCT = YES;
			};
			name = Release;
		};
		92D9CAFE1F76EEE500995092 /* Debug */ = {
			isa = XCBuildConfiguration;
			baseConfigurationReference = 406D098CD5AD924DE1B608C0 /* Pods-CodingWithoutStoryboard.debug.xcconfig */;
			buildSettings = {
				ASSETCATALOG_COMPILER_APPICON_NAME = AppIcon;
				DEVELOPMENT_TEAM = 59246CF2XH;
				INFOPLIST_FILE = CodingWithoutStoryboard/Info.plist;
				LD_RUNPATH_SEARCH_PATHS = "$(inherited) @executable_path/Frameworks";
				PRODUCT_BUNDLE_IDENTIFIER = www.google.com.CodingWithoutStoryboard;
				PRODUCT_NAME = "$(TARGET_NAME)";
				SWIFT_VERSION = 3.0;
			};
			name = Debug;
		};
		92D9CAFF1F76EEE500995092 /* Release */ = {
			isa = XCBuildConfiguration;
			baseConfigurationReference = 7FFAE2F44AFAAB5C32A78017 /* Pods-CodingWithoutStoryboard.release.xcconfig */;
			buildSettings = {
				ASSETCATALOG_COMPILER_APPICON_NAME = AppIcon;
				DEVELOPMENT_TEAM = 59246CF2XH;
				INFOPLIST_FILE = CodingWithoutStoryboard/Info.plist;
				LD_RUNPATH_SEARCH_PATHS = "$(inherited) @executable_path/Frameworks";
				PRODUCT_BUNDLE_IDENTIFIER = www.google.com.CodingWithoutStoryboard;
				PRODUCT_NAME = "$(TARGET_NAME)";
				SWIFT_VERSION = 3.0;
			};
			name = Release;
		};
		92D9CB011F76EEE500995092 /* Debug */ = {
			isa = XCBuildConfiguration;
			baseConfigurationReference = 8D0EF76E786120FCF06073EA /* Pods-CodingWithoutStoryboardTests.debug.xcconfig */;
			buildSettings = {
				ALWAYS_EMBED_SWIFT_STANDARD_LIBRARIES = YES;
				BUNDLE_LOADER = "$(TEST_HOST)";
				DEVELOPMENT_TEAM = 59246CF2XH;
				INFOPLIST_FILE = CodingWithoutStoryboardTests/Info.plist;
				LD_RUNPATH_SEARCH_PATHS = "$(inherited) @executable_path/Frameworks @loader_path/Frameworks";
				PRODUCT_BUNDLE_IDENTIFIER = www.google.com.CodingWithoutStoryboardTests;
				PRODUCT_NAME = "$(TARGET_NAME)";
				SWIFT_VERSION = 3.0;
				TEST_HOST = "$(BUILT_PRODUCTS_DIR)/CodingWithoutStoryboard.app/CodingWithoutStoryboard";
			};
			name = Debug;
		};
		92D9CB021F76EEE500995092 /* Release */ = {
			isa = XCBuildConfiguration;
			baseConfigurationReference = F4C366B46D6E3895633EC5EA /* Pods-CodingWithoutStoryboardTests.release.xcconfig */;
			buildSettings = {
				ALWAYS_EMBED_SWIFT_STANDARD_LIBRARIES = YES;
				BUNDLE_LOADER = "$(TEST_HOST)";
				DEVELOPMENT_TEAM = 59246CF2XH;
				INFOPLIST_FILE = CodingWithoutStoryboardTests/Info.plist;
				LD_RUNPATH_SEARCH_PATHS = "$(inherited) @executable_path/Frameworks @loader_path/Frameworks";
				PRODUCT_BUNDLE_IDENTIFIER = www.google.com.CodingWithoutStoryboardTests;
				PRODUCT_NAME = "$(TARGET_NAME)";
				SWIFT_VERSION = 3.0;
				TEST_HOST = "$(BUILT_PRODUCTS_DIR)/CodingWithoutStoryboard.app/CodingWithoutStoryboard";
			};
			name = Release;
		};
		92D9CB041F76EEE500995092 /* Debug */ = {
			isa = XCBuildConfiguration;
			baseConfigurationReference = D9D09664F2170031045FFCEB /* Pods-CodingWithoutStoryboardUITests.debug.xcconfig */;
			buildSettings = {
				ALWAYS_EMBED_SWIFT_STANDARD_LIBRARIES = YES;
				DEVELOPMENT_TEAM = 59246CF2XH;
				INFOPLIST_FILE = CodingWithoutStoryboardUITests/Info.plist;
				LD_RUNPATH_SEARCH_PATHS = "$(inherited) @executable_path/Frameworks @loader_path/Frameworks";
				PRODUCT_BUNDLE_IDENTIFIER = www.google.com.CodingWithoutStoryboardUITests;
				PRODUCT_NAME = "$(TARGET_NAME)";
				SWIFT_VERSION = 3.0;
				TEST_TARGET_NAME = CodingWithoutStoryboard;
			};
			name = Debug;
		};
		92D9CB051F76EEE500995092 /* Release */ = {
			isa = XCBuildConfiguration;
			baseConfigurationReference = 3951E20289E39B07F931C5FE /* Pods-CodingWithoutStoryboardUITests.release.xcconfig */;
			buildSettings = {
				ALWAYS_EMBED_SWIFT_STANDARD_LIBRARIES = YES;
				DEVELOPMENT_TEAM = 59246CF2XH;
				INFOPLIST_FILE = CodingWithoutStoryboardUITests/Info.plist;
				LD_RUNPATH_SEARCH_PATHS = "$(inherited) @executable_path/Frameworks @loader_path/Frameworks";
				PRODUCT_BUNDLE_IDENTIFIER = www.google.com.CodingWithoutStoryboardUITests;
				PRODUCT_NAME = "$(TARGET_NAME)";
				SWIFT_VERSION = 3.0;
				TEST_TARGET_NAME = CodingWithoutStoryboard;
			};
			name = Release;
		};
/* End XCBuildConfiguration section */

/* Begin XCConfigurationList section */
		92D9CAD01F76EEE400995092 /* Build configuration list for PBXProject "CodingWithoutStoryboard" */ = {
			isa = XCConfigurationList;
			buildConfigurations = (
				92D9CAFB1F76EEE500995092 /* Debug */,
				92D9CAFC1F76EEE500995092 /* Release */,
			);
			defaultConfigurationIsVisible = 0;
			defaultConfigurationName = Release;
		};
		92D9CAFD1F76EEE500995092 /* Build configuration list for PBXNativeTarget "CodingWithoutStoryboard" */ = {
			isa = XCConfigurationList;
			buildConfigurations = (
				92D9CAFE1F76EEE500995092 /* Debug */,
				92D9CAFF1F76EEE500995092 /* Release */,
			);
			defaultConfigurationIsVisible = 0;
			defaultConfigurationName = Release;
		};
		92D9CB001F76EEE500995092 /* Build configuration list for PBXNativeTarget "CodingWithoutStoryboardTests" */ = {
			isa = XCConfigurationList;
			buildConfigurations = (
				92D9CB011F76EEE500995092 /* Debug */,
				92D9CB021F76EEE500995092 /* Release */,
			);
			defaultConfigurationIsVisible = 0;
			defaultConfigurationName = Release;
		};
		92D9CB031F76EEE500995092 /* Build configuration list for PBXNativeTarget "CodingWithoutStoryboardUITests" */ = {
			isa = XCConfigurationList;
			buildConfigurations = (
				92D9CB041F76EEE500995092 /* Debug */,
				92D9CB051F76EEE500995092 /* Release */,
			);
			defaultConfigurationIsVisible = 0;
			defaultConfigurationName = Release;
		};
/* End XCConfigurationList section */
	};
	rootObject = 92D9CACD1F76EEE400995092 /* Project object */;
}
